
Microsoft Visual Studio Solution File, Format Version 12.00
# Visual Studio Version 17
VisualStudioVersion = 17.14.36518.9 d17.14
MinimumVisualStudioVersion = 10.0.40219.1
Project("{FAE04EC0-301F-11D3-BF4B-00C04F79EFBC}") = "CodingTracker", "CodingTracker\CodingTracker.csproj", "{EBD35859-3F5D-4DC2-BB97-A194EA29BBB6}"
EndProject
Global
	GlobalSection(SolutionConfigurationPlatforms) = preSolution
		Debug|Any CPU = Debug|Any CPU
		Release|Any CPU = Release|Any CPU
	EndGlobalSection
	GlobalSection(ProjectConfigurationPlatforms) = postSolution
		{EBD35859-3F5D-4DC2-BB97-A194EA29BBB6}.Debug|Any CPU.ActiveCfg = Debug|Any CPU
		{EBD35859-3F5D-4DC2-BB97-A194EA29BBB6}.Debug|Any CPU.Build.0 = Debug|Any CPU
		{EBD35859-3F5D-4DC2-BB97-A194EA29BBB6}.Release|Any CPU.ActiveCfg = Release|Any CPU
		{EBD35859-3F5D-4DC2-BB97-A194EA29BBB6}.Release|Any CPU.Build.0 = Release|Any CPU
	EndGlobalSection
	GlobalSection(SolutionProperties) = preSolution
		HideSolutionNode = FALSE
	EndGlobalSection
	GlobalSection(ExtensibilityGlobals) = postSolution
		SolutionGuid = {F682CF68-1B9E-43A3-BFD4-8326FDF8E173}
	EndGlobalSection
EndGlobal
